
Microsoft Visual Studio Solution File, Format Version 12.00
# Visual Studio Version 17
VisualStudioVersion = 17.6.33829.357
MinimumVisualStudioVersion = 10.0.40219.1
Project("{FAE04EC0-301F-11D3-BF4B-00C04F79EFBC}") = "PetAdopter", "PetAdopter.csproj", "{4F797EB3-99B1-4818-BAF1-74F5BF322334}"
EndProject
Global
	GlobalSection(SolutionConfigurationPlatforms) = preSolution
		Debug|Any CPU = Debug|Any CPU
		Release|Any CPU = Release|Any CPU
	EndGlobalSection
	GlobalSection(ProjectConfigurationPlatforms) = postSolution
		{4F797EB3-99B1-4818-BAF1-74F5BF322334}.Debug|Any CPU.ActiveCfg = Debug|Any CPU
		{4F797EB3-99B1-4818-BAF1-74F5BF322334}.Debug|Any CPU.Build.0 = Debug|Any CPU
		{4F797EB3-99B1-4818-BAF1-74F5BF322334}.Release|Any CPU.ActiveCfg = Release|Any CPU
		{4F797EB3-99B1-4818-BAF1-74F5BF322334}.Release|Any CPU.Build.0 = Release|Any CPU
	EndGlobalSection
	GlobalSection(SolutionProperties) = preSolution
		HideSolutionNode = FALSE
	EndGlobalSection
	GlobalSection(ExtensibilityGlobals) = postSolution
		SolutionGuid = {79B73B29-235E-435A-A2F8-70178DE12F40}
	EndGlobalSection
EndGlobal
